
Microsoft Visual Studio Solution File, Format Version 12.00
# Visual Studio Version 17
VisualStudioVersion = 17.3.32825.248
MinimumVisualStudioVersion = 10.0.40219.1
Project("{FAE04EC0-301F-11D3-BF4B-00C04F79EFBC}") = "MvcIntroDemo", "MvcIntroDemo\MvcIntroDemo.csproj", "{6C21D217-5773-4762-A865-C29A9CD44402}"
EndProject
Global
	GlobalSection(SolutionConfigurationPlatforms) = preSolution
		Debug|Any CPU = Debug|Any CPU
		Release|Any CPU = Release|Any CPU
	EndGlobalSection
	GlobalSection(ProjectConfigurationPlatforms) = postSolution
		{6C21D217-5773-4762-A865-C29A9CD44402}.Debug|Any CPU.ActiveCfg = Debug|Any CPU
		{6C21D217-5773-4762-A865-C29A9CD44402}.Debug|Any CPU.Build.0 = Debug|Any CPU
		{6C21D217-5773-4762-A865-C29A9CD44402}.Release|Any CPU.ActiveCfg = Release|Any CPU
		{6C21D217-5773-4762-A865-C29A9CD44402}.Release|Any CPU.Build.0 = Release|Any CPU
	EndGlobalSection
	GlobalSection(SolutionProperties) = preSolution
		HideSolutionNode = FALSE
	EndGlobalSection
	GlobalSection(ExtensibilityGlobals) = postSolution
		SolutionGuid = {A198BB17-3DCE-43E6-B3B4-C12844BEABE2}
	EndGlobalSection
EndGlobal
